// !$*UTF8*$!
{
	archiveVersion = 1;
	classes = {
	};
	objectVersion = 56;
	objects = {

/* Begin PBXBuildFile section */
		FB2BEB3E2A7379CE00930A27 /* AhreumApp.swift in Sources */ = {isa = PBXBuildFile; fileRef = FB2BEB3D2A7379CE00930A27 /* AhreumApp.swift */; };
		FB2BEB402A7379CE00930A27 /* ContentView.swift in Sources */ = {isa = PBXBuildFile; fileRef = FB2BEB3F2A7379CE00930A27 /* ContentView.swift */; };
		FB2BEB422A7379CF00930A27 /* Assets.xcassets in Resources */ = {isa = PBXBuildFile; fileRef = FB2BEB412A7379CF00930A27 /* Assets.xcassets */; };
		FB2BEB452A7379CF00930A27 /* Preview Assets.xcassets in Resources */ = {isa = PBXBuildFile; fileRef = FB2BEB442A7379CF00930A27 /* Preview Assets.xcassets */; };
		FB2BEB4E2A737C4600930A27 /* Color.swift in Sources */ = {isa = PBXBuildFile; fileRef = FB2BEB4D2A737C4600930A27 /* Color.swift */; };
		FB2BEB502A737F7300930A27 /* View.swift in Sources */ = {isa = PBXBuildFile; fileRef = FB2BEB4F2A737F7300930A27 /* View.swift */; };
		FB2BEB522A73864300930A27 /* RequestAPI.swift in Sources */ = {isa = PBXBuildFile; fileRef = FB2BEB512A73864200930A27 /* RequestAPI.swift */; };
		FB2BEB542A73866600930A27 /* YouTubeBigBoxModel.swift in Sources */ = {isa = PBXBuildFile; fileRef = FB2BEB532A73866600930A27 /* YouTubeBigBoxModel.swift */; };
		FB2BEB562A73868000930A27 /* YouTubeBigBoxView.swift in Sources */ = {isa = PBXBuildFile; fileRef = FB2BEB552A73868000930A27 /* YouTubeBigBoxView.swift */; };
		FB474BD82A74A4AE0032745D /* Launch Screen.storyboard in Resources */ = {isa = PBXBuildFile; fileRef = FB474BD72A74A4AE0032745D /* Launch Screen.storyboard */; };
		FBD2F44E2A73B80000BA9A77 /* RequestAPIYouTubeBigBox.swift in Sources */ = {isa = PBXBuildFile; fileRef = FBD2F44D2A73B80000BA9A77 /* RequestAPIYouTubeBigBox.swift */; };
		FBD2F4522A73B82200BA9A77 /* YouTubeDetailBoxModel.swift in Sources */ = {isa = PBXBuildFile; fileRef = FBD2F4512A73B82200BA9A77 /* YouTubeDetailBoxModel.swift */; };
		FBD2F4542A73B83000BA9A77 /* RequestAPIYouTubeDetailBox.swift in Sources */ = {isa = PBXBuildFile; fileRef = FBD2F4532A73B83000BA9A77 /* RequestAPIYouTubeDetailBox.swift */; };
		FBD2F4562A73B84100BA9A77 /* WebView.swift in Sources */ = {isa = PBXBuildFile; fileRef = FBD2F4552A73B84100BA9A77 /* WebView.swift */; };
		FBD2F4582A73B85100BA9A77 /* YouTubeDetailBoxView.swift in Sources */ = {isa = PBXBuildFile; fileRef = FBD2F4572A73B85100BA9A77 /* YouTubeDetailBoxView.swift */; };
		FBD2F4622A74053700BA9A77 /* SearchResultView.swift in Sources */ = {isa = PBXBuildFile; fileRef = FBD2F4612A74053700BA9A77 /* SearchResultView.swift */; };
		FBD2F4642A7406A200BA9A77 /* UserDefaultManager.swift in Sources */ = {isa = PBXBuildFile; fileRef = FBD2F4632A7406A200BA9A77 /* UserDefaultManager.swift */; };
		FBE7668C2A74448B00BD09D1 /* Pretendard-Bold.otf in Resources */ = {isa = PBXBuildFile; fileRef = FBE7668A2A74448B00BD09D1 /* Pretendard-Bold.otf */; };
		FBE7668D2A74448B00BD09D1 /* Pretendard-Medium.otf in Resources */ = {isa = PBXBuildFile; fileRef = FBE7668B2A74448B00BD09D1 /* Pretendard-Medium.otf */; };
		FBE7668F2A7446B400BD09D1 /* Pretendard-Regular.otf in Resources */ = {isa = PBXBuildFile; fileRef = FBE7668E2A7446B400BD09D1 /* Pretendard-Regular.otf */; };
/* End PBXBuildFile section */

/* Begin PBXFileReference section */
		FB2BEB3A2A7379CE00930A27 /* Ahreum.app */ = {isa = PBXFileReference; explicitFileType = wrapper.application; includeInIndex = 0; path = Ahreum.app; sourceTree = BUILT_PRODUCTS_DIR; };
		FB2BEB3D2A7379CE00930A27 /* AhreumApp.swift */ = {isa = PBXFileReference; lastKnownFileType = sourcecode.swift; path = AhreumApp.swift; sourceTree = "<group>"; };
		FB2BEB3F2A7379CE00930A27 /* ContentView.swift */ = {isa = PBXFileReference; lastKnownFileType = sourcecode.swift; path = ContentView.swift; sourceTree = "<group>"; };
		FB2BEB412A7379CF00930A27 /* Assets.xcassets */ = {isa = PBXFileReference; lastKnownFileType = folder.assetcatalog; path = Assets.xcassets; sourceTree = "<group>"; };
		FB2BEB442A7379CF00930A27 /* Preview Assets.xcassets */ = {isa = PBXFileReference; lastKnownFileType = folder.assetcatalog; path = "Preview Assets.xcassets"; sourceTree = "<group>"; };
		FB2BEB4D2A737C4600930A27 /* Color.swift */ = {isa = PBXFileReference; lastKnownFileType = sourcecode.swift; path = Color.swift; sourceTree = "<group>"; };
		FB2BEB4F2A737F7300930A27 /* View.swift */ = {isa = PBXFileReference; lastKnownFileType = sourcecode.swift; path = View.swift; sourceTree = "<group>"; };
		FB2BEB512A73864200930A27 /* RequestAPI.swift */ = {isa = PBXFileReference; lastKnownFileType = sourcecode.swift; path = RequestAPI.swift; sourceTree = "<group>"; };
		FB2BEB532A73866600930A27 /* YouTubeBigBoxModel.swift */ = {isa = PBXFileReference; lastKnownFileType = sourcecode.swift; path = YouTubeBigBoxModel.swift; sourceTree = "<group>"; };
		FB2BEB552A73868000930A27 /* YouTubeBigBoxView.swift */ = {isa = PBXFileReference; lastKnownFileType = sourcecode.swift; path = YouTubeBigBoxView.swift; sourceTree = "<group>"; };
		FB474BD72A74A4AE0032745D /* Launch Screen.storyboard */ = {isa = PBXFileReference; lastKnownFileType = file.storyboard; path = "Launch Screen.storyboard"; sourceTree = "<group>"; };
		FBD2F44D2A73B80000BA9A77 /* RequestAPIYouTubeBigBox.swift */ = {isa = PBXFileReference; lastKnownFileType = sourcecode.swift; path = RequestAPIYouTubeBigBox.swift; sourceTree = "<group>"; };
		FBD2F4512A73B82200BA9A77 /* YouTubeDetailBoxModel.swift */ = {isa = PBXFileReference; lastKnownFileType = sourcecode.swift; path = YouTubeDetailBoxModel.swift; sourceTree = "<group>"; };
		FBD2F4532A73B83000BA9A77 /* RequestAPIYouTubeDetailBox.swift */ = {isa = PBXFileReference; lastKnownFileType = sourcecode.swift; path = RequestAPIYouTubeDetailBox.swift; sourceTree = "<group>"; };
		FBD2F4552A73B84100BA9A77 /* WebView.swift */ = {isa = PBXFileReference; lastKnownFileType = sourcecode.swift; path = WebView.swift; sourceTree = "<group>"; };
		FBD2F4572A73B85100BA9A77 /* YouTubeDetailBoxView.swift */ = {isa = PBXFileReference; lastKnownFileType = sourcecode.swift; path = YouTubeDetailBoxView.swift; sourceTree = "<group>"; };
		FBD2F45B2A73C32F00BA9A77 /* Ahreum.entitlements */ = {isa = PBXFileReference; lastKnownFileType = text.plist.entitlements; path = Ahreum.entitlements; sourceTree = "<group>"; };
		FBD2F45E2A73FBC300BA9A77 /* Info.plist */ = {isa = PBXFileReference; lastKnownFileType = text.plist; path = Info.plist; sourceTree = "<group>"; };
		FBD2F4612A74053700BA9A77 /* SearchResultView.swift */ = {isa = PBXFileReference; lastKnownFileType = sourcecode.swift; path = SearchResultView.swift; sourceTree = "<group>"; };
		FBD2F4632A7406A200BA9A77 /* UserDefaultManager.swift */ = {isa = PBXFileReference; lastKnownFileType = sourcecode.swift; path = UserDefaultManager.swift; sourceTree = "<group>"; };
		FBE7668A2A74448B00BD09D1 /* Pretendard-Bold.otf */ = {isa = PBXFileReference; lastKnownFileType = file; path = "Pretendard-Bold.otf"; sourceTree = "<group>"; };
		FBE7668B2A74448B00BD09D1 /* Pretendard-Medium.otf */ = {isa = PBXFileReference; lastKnownFileType = file; path = "Pretendard-Medium.otf"; sourceTree = "<group>"; };
		FBE7668E2A7446B400BD09D1 /* Pretendard-Regular.otf */ = {isa = PBXFileReference; lastKnownFileType = file; path = "Pretendard-Regular.otf"; sourceTree = "<group>"; };
/* End PBXFileReference section */

/* Begin PBXFrameworksBuildPhase section */
		FB2BEB372A7379CE00930A27 /* Frameworks */ = {
			isa = PBXFrameworksBuildPhase;
			buildActionMask = 2147483647;
			files = (
			);
			runOnlyForDeploymentPostprocessing = 0;
		};
/* End PBXFrameworksBuildPhase section */

/* Begin PBXGroup section */
		FB2BEB312A7379CE00930A27 = {
			isa = PBXGroup;
			children = (
				FB2BEB3C2A7379CE00930A27 /* Ahreum */,
				FB2BEB3B2A7379CE00930A27 /* Products */,
			);
			sourceTree = "<group>";
		};
		FB2BEB3B2A7379CE00930A27 /* Products */ = {
			isa = PBXGroup;
			children = (
				FB2BEB3A2A7379CE00930A27 /* Ahreum.app */,
			);
			name = Products;
			sourceTree = "<group>";
		};
		FB2BEB3C2A7379CE00930A27 /* Ahreum */ = {
			isa = PBXGroup;
			children = (
				FBD2F45E2A73FBC300BA9A77 /* Info.plist */,
				FBD2F45B2A73C32F00BA9A77 /* Ahreum.entitlements */,
				FB2BEB3D2A7379CE00930A27 /* AhreumApp.swift */,
				FB474BD72A74A4AE0032745D /* Launch Screen.storyboard */,
				FB2BEB3F2A7379CE00930A27 /* ContentView.swift */,
				FBD2F4632A7406A200BA9A77 /* UserDefaultManager.swift */,
				FB2BEB512A73864200930A27 /* RequestAPI.swift */,
				FBD2F45A2A73B8A600BA9A77 /* YouTubeDetailBox */,
				FBD2F4592A73B89A00BA9A77 /* YouTubeBigBox */,
				FB2BEB4B2A737C2B00930A27 /* Utility */,
				FB2BEB412A7379CF00930A27 /* Assets.xcassets */,
				FBE7668A2A74448B00BD09D1 /* Pretendard-Bold.otf */,
				FBE7668E2A7446B400BD09D1 /* Pretendard-Regular.otf */,
				FBE7668B2A74448B00BD09D1 /* Pretendard-Medium.otf */,
				FB2BEB432A7379CF00930A27 /* Preview Content */,
			);
			path = Ahreum;
			sourceTree = "<group>";
		};
		FB2BEB432A7379CF00930A27 /* Preview Content */ = {
			isa = PBXGroup;
			children = (
				FB2BEB442A7379CF00930A27 /* Preview Assets.xcassets */,
			);
			path = "Preview Content";
			sourceTree = "<group>";
		};
		FB2BEB4B2A737C2B00930A27 /* Utility */ = {
			isa = PBXGroup;
			children = (
				FB2BEB4D2A737C4600930A27 /* Color.swift */,
				FB2BEB4F2A737F7300930A27 /* View.swift */,
			);
			path = Utility;
			sourceTree = "<group>";
		};
		FBD2F4592A73B89A00BA9A77 /* YouTubeBigBox */ = {
			isa = PBXGroup;
			children = (
				FBD2F4552A73B84100BA9A77 /* WebView.swift */,
				FBD2F4612A74053700BA9A77 /* SearchResultView.swift */,
				FB2BEB532A73866600930A27 /* YouTubeBigBoxModel.swift */,
				FB2BEB552A73868000930A27 /* YouTubeBigBoxView.swift */,
				FBD2F44D2A73B80000BA9A77 /* RequestAPIYouTubeBigBox.swift */,
			);
			path = YouTubeBigBox;
			sourceTree = "<group>";
		};
		FBD2F45A2A73B8A600BA9A77 /* YouTubeDetailBox */ = {
			isa = PBXGroup;
			children = (
				FBD2F4512A73B82200BA9A77 /* YouTubeDetailBoxModel.swift */,
				FBD2F4572A73B85100BA9A77 /* YouTubeDetailBoxView.swift */,
				FBD2F4532A73B83000BA9A77 /* RequestAPIYouTubeDetailBox.swift */,
			);
			path = YouTubeDetailBox;
			sourceTree = "<group>";
		};
/* End PBXGroup section */

/* Begin PBXNativeTarget section */
		FB2BEB392A7379CE00930A27 /* Ahreum */ = {
			isa = PBXNativeTarget;
			buildConfigurationList = FB2BEB482A7379CF00930A27 /* Build configuration list for PBXNativeTarget "Ahreum" */;
			buildPhases = (
				FB2BEB362A7379CE00930A27 /* Sources */,
				FB2BEB372A7379CE00930A27 /* Frameworks */,
				FB2BEB382A7379CE00930A27 /* Resources */,
			);
			buildRules = (
			);
			dependencies = (
			);
			name = Ahreum;
			productName = Ahreum;
			productReference = FB2BEB3A2A7379CE00930A27 /* Ahreum.app */;
			productType = "com.apple.product-type.application";
		};
/* End PBXNativeTarget section */

/* Begin PBXProject section */
		FB2BEB322A7379CE00930A27 /* Project object */ = {
			isa = PBXProject;
			attributes = {
				BuildIndependentTargetsInParallel = 1;
				LastSwiftUpdateCheck = 1430;
				LastUpgradeCheck = 1430;
				TargetAttributes = {
					FB2BEB392A7379CE00930A27 = {
						CreatedOnToolsVersion = 14.3.1;
					};
				};
			};
			buildConfigurationList = FB2BEB352A7379CE00930A27 /* Build configuration list for PBXProject "Ahreum" */;
			compatibilityVersion = "Xcode 14.0";
			developmentRegion = en;
			hasScannedForEncodings = 0;
			knownRegions = (
				en,
				Base,
			);
			mainGroup = FB2BEB312A7379CE00930A27;
			productRefGroup = FB2BEB3B2A7379CE00930A27 /* Products */;
			projectDirPath = "";
			projectRoot = "";
			targets = (
				FB2BEB392A7379CE00930A27 /* Ahreum */,
			);
		};
/* End PBXProject section */

/* Begin PBXResourcesBuildPhase section */
		FB2BEB382A7379CE00930A27 /* Resources */ = {
			isa = PBXResourcesBuildPhase;
			buildActionMask = 2147483647;
			files = (
				FB474BD82A74A4AE0032745D /* Launch Screen.storyboard in Resources */,
				FB2BEB452A7379CF00930A27 /* Preview Assets.xcassets in Resources */,
				FBE7668C2A74448B00BD09D1 /* Pretendard-Bold.otf in Resources */,
				FBE7668F2A7446B400BD09D1 /* Pretendard-Regular.otf in Resources */,
				FB2BEB422A7379CF00930A27 /* Assets.xcassets in Resources */,
				FBE7668D2A74448B00BD09D1 /* Pretendard-Medium.otf in Resources */,
			);
			runOnlyForDeploymentPostprocessing = 0;
		};
/* End PBXResourcesBuildPhase section */

/* Begin PBXSourcesBuildPhase section */
		FB2BEB362A7379CE00930A27 /* Sources */ = {
			isa = PBXSourcesBuildPhase;
			buildActionMask = 2147483647;
			files = (
				FB2BEB502A737F7300930A27 /* View.swift in Sources */,
				FBD2F4622A74053700BA9A77 /* SearchResultView.swift in Sources */,
				FB2BEB402A7379CE00930A27 /* ContentView.swift in Sources */,
				FB2BEB542A73866600930A27 /* YouTubeBigBoxModel.swift in Sources */,
				FBD2F4542A73B83000BA9A77 /* RequestAPIYouTubeDetailBox.swift in Sources */,
				FBD2F4582A73B85100BA9A77 /* YouTubeDetailBoxView.swift in Sources */,
				FBD2F4642A7406A200BA9A77 /* UserDefaultManager.swift in Sources */,
				FBD2F44E2A73B80000BA9A77 /* RequestAPIYouTubeBigBox.swift in Sources */,
				FBD2F4522A73B82200BA9A77 /* YouTubeDetailBoxModel.swift in Sources */,
				FB2BEB4E2A737C4600930A27 /* Color.swift in Sources */,
				FB2BEB562A73868000930A27 /* YouTubeBigBoxView.swift in Sources */,
				FBD2F4562A73B84100BA9A77 /* WebView.swift in Sources */,
				FB2BEB522A73864300930A27 /* RequestAPI.swift in Sources */,
				FB2BEB3E2A7379CE00930A27 /* AhreumApp.swift in Sources */,
			);
			runOnlyForDeploymentPostprocessing = 0;
		};
/* End PBXSourcesBuildPhase section */

/* Begin XCBuildConfiguration section */
		FB2BEB462A7379CF00930A27 /* Debug */ = {
			isa = XCBuildConfiguration;
			buildSettings = {
				ALWAYS_SEARCH_USER_PATHS = NO;
				CLANG_ANALYZER_NONNULL = YES;
				CLANG_ANALYZER_NUMBER_OBJECT_CONVERSION = YES_AGGRESSIVE;
				CLANG_CXX_LANGUAGE_STANDARD = "gnu++20";
				CLANG_ENABLE_MODULES = YES;
				CLANG_ENABLE_OBJC_ARC = YES;
				CLANG_ENABLE_OBJC_WEAK = YES;
				CLANG_WARN_BLOCK_CAPTURE_AUTORELEASING = YES;
				CLANG_WARN_BOOL_CONVERSION = YES;
				CLANG_WARN_COMMA = YES;
				CLANG_WARN_CONSTANT_CONVERSION = YES;
				CLANG_WARN_DEPRECATED_OBJC_IMPLEMENTATIONS = YES;
				CLANG_WARN_DIRECT_OBJC_ISA_USAGE = YES_ERROR;
				CLANG_WARN_DOCUMENTATION_COMMENTS = YES;
				CLANG_WARN_EMPTY_BODY = YES;
				CLANG_WARN_ENUM_CONVERSION = YES;
				CLANG_WARN_INFINITE_RECURSION = YES;
				CLANG_WARN_INT_CONVERSION = YES;
				CLANG_WARN_NON_LITERAL_NULL_CONVERSION = YES;
				CLANG_WARN_OBJC_IMPLICIT_RETAIN_SELF = YES;
				CLANG_WARN_OBJC_LITERAL_CONVERSION = YES;
				CLANG_WARN_OBJC_ROOT_CLASS = YES_ERROR;
				CLANG_WARN_QUOTED_INCLUDE_IN_FRAMEWORK_HEADER = YES;
				CLANG_WARN_RANGE_LOOP_ANALYSIS = YES;
				CLANG_WARN_STRICT_PROTOTYPES = YES;
				CLANG_WARN_SUSPICIOUS_MOVE = YES;
				CLANG_WARN_UNGUARDED_AVAILABILITY = YES_AGGRESSIVE;
				CLANG_WARN_UNREACHABLE_CODE = YES;
				CLANG_WARN__DUPLICATE_METHOD_MATCH = YES;
				COPY_PHASE_STRIP = NO;
				DEBUG_INFORMATION_FORMAT = dwarf;
				ENABLE_STRICT_OBJC_MSGSEND = YES;
				ENABLE_TESTABILITY = YES;
				GCC_C_LANGUAGE_STANDARD = gnu11;
				GCC_DYNAMIC_NO_PIC = NO;
				GCC_NO_COMMON_BLOCKS = YES;
				GCC_OPTIMIZATION_LEVEL = 0;
				GCC_PREPROCESSOR_DEFINITIONS = (
					"DEBUG=1",
					"$(inherited)",
				);
				GCC_WARN_64_TO_32_BIT_CONVERSION = YES;
				GCC_WARN_ABOUT_RETURN_TYPE = YES_ERROR;
				GCC_WARN_UNDECLARED_SELECTOR = YES;
				GCC_WARN_UNINITIALIZED_AUTOS = YES_AGGRESSIVE;
				GCC_WARN_UNUSED_FUNCTION = YES;
				GCC_WARN_UNUSED_VARIABLE = YES;
				IPHONEOS_DEPLOYMENT_TARGET = 16.4;
				MTL_ENABLE_DEBUG_INFO = INCLUDE_SOURCE;
				MTL_FAST_MATH = YES;
				ONLY_ACTIVE_ARCH = YES;
				SDKROOT = iphoneos;
				SWIFT_ACTIVE_COMPILATION_CONDITIONS = DEBUG;
				SWIFT_OPTIMIZATION_LEVEL = "-Onone";
			};
			name = Debug;
		};
		FB2BEB472A7379CF00930A27 /* Release */ = {
			isa = XCBuildConfiguration;
			buildSettings = {
				ALWAYS_SEARCH_USER_PATHS = NO;
				CLANG_ANALYZER_NONNULL = YES;
				CLANG_ANALYZER_NUMBER_OBJECT_CONVERSION = YES_AGGRESSIVE;
				CLANG_CXX_LANGUAGE_STANDARD = "gnu++20";
				CLANG_ENABLE_MODULES = YES;
				CLANG_ENABLE_OBJC_ARC = YES;
				CLANG_ENABLE_OBJC_WEAK = YES;
				CLANG_WARN_BLOCK_CAPTURE_AUTORELEASING = YES;
				CLANG_WARN_BOOL_CONVERSION = YES;
				CLANG_WARN_COMMA = YES;
				CLANG_WARN_CONSTANT_CONVERSION = YES;
				CLANG_WARN_DEPRECATED_OBJC_IMPLEMENTATIONS = YES;
				CLANG_WARN_DIRECT_OBJC_ISA_USAGE = YES_ERROR;
				CLANG_WARN_DOCUMENTATION_COMMENTS = YES;
				CLANG_WARN_EMPTY_BODY = YES;
				CLANG_WARN_ENUM_CONVERSION = YES;
				CLANG_WARN_INFINITE_RECURSION = YES;
				CLANG_WARN_INT_CONVERSION = YES;
				CLANG_WARN_NON_LITERAL_NULL_CONVERSION = YES;
				CLANG_WARN_OBJC_IMPLICIT_RETAIN_SELF = YES;
				CLANG_WARN_OBJC_LITERAL_CONVERSION = YES;
				CLANG_WARN_OBJC_ROOT_CLASS = YES_ERROR;
				CLANG_WARN_QUOTED_INCLUDE_IN_FRAMEWORK_HEADER = YES;
				CLANG_WARN_RANGE_LOOP_ANALYSIS = YES;
				CLANG_WARN_STRICT_PROTOTYPES = YES;
				CLANG_WARN_SUSPICIOUS_MOVE = YES;
				CLANG_WARN_UNGUARDED_AVAILABILITY = YES_AGGRESSIVE;
				CLANG_WARN_UNREACHABLE_CODE = YES;
				CLANG_WARN__DUPLICATE_METHOD_MATCH = YES;
				COPY_PHASE_STRIP = NO;
				DEBUG_INFORMATION_FORMAT = "dwarf-with-dsym";
				ENABLE_NS_ASSERTIONS = NO;
				ENABLE_STRICT_OBJC_MSGSEND = YES;
				GCC_C_LANGUAGE_STANDARD = gnu11;
				GCC_NO_COMMON_BLOCKS = YES;
				GCC_WARN_64_TO_32_BIT_CONVERSION = YES;
				GCC_WARN_ABOUT_RETURN_TYPE = YES_ERROR;
				GCC_WARN_UNDECLARED_SELECTOR = YES;
				GCC_WARN_UNINITIALIZED_AUTOS = YES_AGGRESSIVE;
				GCC_WARN_UNUSED_FUNCTION = YES;
				GCC_WARN_UNUSED_VARIABLE = YES;
				IPHONEOS_DEPLOYMENT_TARGET = 16.4;
				MTL_ENABLE_DEBUG_INFO = NO;
				MTL_FAST_MATH = YES;
				SDKROOT = iphoneos;
				SWIFT_COMPILATION_MODE = wholemodule;
				SWIFT_OPTIMIZATION_LEVEL = "-O";
				VALIDATE_PRODUCT = YES;
			};
			name = Release;
		};
		FB2BEB492A7379CF00930A27 /* Debug */ = {
			isa = XCBuildConfiguration;
			buildSettings = {
				ASSETCATALOG_COMPILER_APPICON_NAME = AppIcon;
				ASSETCATALOG_COMPILER_GLOBAL_ACCENT_COLOR_NAME = AccentColor;
				CODE_SIGN_ENTITLEMENTS = Ahreum/Ahreum.entitlements;
				CODE_SIGN_STYLE = Automatic;
				CURRENT_PROJECT_VERSION = 1;
				DEVELOPMENT_ASSET_PATHS = "\"Ahreum/Preview Content\"";
				DEVELOPMENT_TEAM = J7ZP3WYXRW;
				ENABLE_PREVIEWS = YES;
				GENERATE_INFOPLIST_FILE = YES;
				INFOPLIST_FILE = Ahreum/Info.plist;
				INFOPLIST_KEY_CFBundleDisplayName = Poing;
				INFOPLIST_KEY_LSApplicationCategoryType = "public.app-category.education";
				INFOPLIST_KEY_UIApplicationSceneManifest_Generation = YES;
				INFOPLIST_KEY_UIApplicationSupportsIndirectInputEvents = YES;
				INFOPLIST_KEY_UILaunchScreen_Generation = YES;
				INFOPLIST_KEY_UILaunchStoryboardName = "Launch Screen.storyboard";
				INFOPLIST_KEY_UISupportedInterfaceOrientations_iPad = "UIInterfaceOrientationPortrait UIInterfaceOrientationPortraitUpsideDown UIInterfaceOrientationLandscapeLeft UIInterfaceOrientationLandscapeRight";
				INFOPLIST_KEY_UISupportedInterfaceOrientations_iPhone = "UIInterfaceOrientationPortrait UIInterfaceOrientationLandscapeLeft UIInterfaceOrientationLandscapeRight";
				IPHONEOS_DEPLOYMENT_TARGET = 15.0;
				LD_RUNPATH_SEARCH_PATHS = (
					"$(inherited)",
					"@executable_path/Frameworks",
				);
				MARKETING_VERSION = 1.0;
				PRODUCT_BUNDLE_IDENTIFIER = DDangkong.Ahreum;
				PRODUCT_NAME = "$(TARGET_NAME)";
				SWIFT_EMIT_LOC_STRINGS = YES;
				SWIFT_VERSION = 5.0;
				TARGETED_DEVICE_FAMILY = "1,2";
			};
			name = Debug;
		};
		FB2BEB4A2A7379CF00930A27 /* Release */ = {
			isa = XCBuildConfiguration;
			buildSettings = {
				ASSETCATALOG_COMPILER_APPICON_NAME = AppIcon;
				ASSETCATALOG_COMPILER_GLOBAL_ACCENT_COLOR_NAME = AccentColor;
				CODE_SIGN_ENTITLEMENTS = Ahreum/Ahreum.entitlements;
				CODE_SIGN_STYLE = Automatic;
				CURRENT_PROJECT_VERSION = 1;
				DEVELOPMENT_ASSET_PATHS = "\"Ahreum/Preview Content\"";
				DEVELOPMENT_TEAM = J7ZP3WYXRW;
				ENABLE_PREVIEWS = YES;
				GENERATE_INFOPLIST_FILE = YES;
				INFOPLIST_FILE = Ahreum/Info.plist;
				INFOPLIST_KEY_CFBundleDisplayName = Poing;
				INFOPLIST_KEY_LSApplicationCategoryType = "public.app-category.education";
				INFOPLIST_KEY_UIApplicationSceneManifest_Generation = YES;
				INFOPLIST_KEY_UIApplicationSupportsIndirectInputEvents = YES;
				INFOPLIST_KEY_UILaunchScreen_Generation = YES;
				INFOPLIST_KEY_UILaunchStoryboardName = "Launch Screen.storyboard";
				INFOPLIST_KEY_UISupportedInterfaceOrientations_iPad = "UIInterfaceOrientationPortrait UIInterfaceOrientationPortraitUpsideDown UIInterfaceOrientationLandscapeLeft UIInterfaceOrientationLandscapeRight";
				INFOPLIST_KEY_UISupportedInterfaceOrientations_iPhone = "UIInterfaceOrientationPortrait UIInterfaceOrientationLandscapeLeft UIInterfaceOrientationLandscapeRight";
				IPHONEOS_DEPLOYMENT_TARGET = 15.0;
				LD_RUNPATH_SEARCH_PATHS = (
					"$(inherited)",
					"@executable_path/Frameworks",
				);
				MARKETING_VERSION = 1.0;
				PRODUCT_BUNDLE_IDENTIFIER = DDangkong.Ahreum;
				PRODUCT_NAME = "$(TARGET_NAME)";
				SWIFT_EMIT_LOC_STRINGS = YES;
				SWIFT_VERSION = 5.0;
				TARGETED_DEVICE_FAMILY = "1,2";
			};
			name = Release;
		};
/* End XCBuildConfiguration section */

/* Begin XCConfigurationList section */
		FB2BEB352A7379CE00930A27 /* Build configuration list for PBXProject "Ahreum" */ = {
			isa = XCConfigurationList;
			buildConfigurations = (
				FB2BEB462A7379CF00930A27 /* Debug */,
				FB2BEB472A7379CF00930A27 /* Release */,
			);
			defaultConfigurationIsVisible = 0;
			defaultConfigurationName = Release;
		};
		FB2BEB482A7379CF00930A27 /* Build configuration list for PBXNativeTarget "Ahreum" */ = {
			isa = XCConfigurationList;
			buildConfigurations = (
				FB2BEB492A7379CF00930A27 /* Debug */,
				FB2BEB4A2A7379CF00930A27 /* Release */,
			);
			defaultConfigurationIsVisible = 0;
			defaultConfigurationName = Release;
		};
/* End XCConfigurationList section */
	};
	rootObject = FB2BEB322A7379CE00930A27 /* Project object */;
}
